// !$*UTF8*$!
{
	archiveVersion = 1;
	classes = {
	};
	objectVersion = 50;
	objects = {

/* Begin PBXBuildFile section */
		82D73405866EF74F2C455146 /* Pods_HorizonXSTests.framework in Frameworks */ = {isa = PBXBuildFile; fileRef = F1A718BF0CADA58537E218F3 /* Pods_HorizonXSTests.framework */; };
		9624230223366A74009B6A6C /* AppDelegate.swift in Sources */ = {isa = PBXBuildFile; fileRef = 9624230123366A74009B6A6C /* AppDelegate.swift */; };
		9624230423366A74009B6A6C /* SceneDelegate.swift in Sources */ = {isa = PBXBuildFile; fileRef = 9624230323366A74009B6A6C /* SceneDelegate.swift */; };
		9624230B23366A77009B6A6C /* Assets.xcassets in Resources */ = {isa = PBXBuildFile; fileRef = 9624230A23366A77009B6A6C /* Assets.xcassets */; };
		9624230E23366A77009B6A6C /* LaunchScreen.storyboard in Resources */ = {isa = PBXBuildFile; fileRef = 9624230C23366A77009B6A6C /* LaunchScreen.storyboard */; };
		9624231923366A77009B6A6C /* HorizonXSTests.swift in Sources */ = {isa = PBXBuildFile; fileRef = 9624231823366A77009B6A6C /* HorizonXSTests.swift */; };
		962423642336777A009B6A6C /* HorizonAPI.swift in Sources */ = {isa = PBXBuildFile; fileRef = 962423632336777A009B6A6C /* HorizonAPI.swift */; };
		9624236623367926009B6A6C /* api.plist in Resources */ = {isa = PBXBuildFile; fileRef = 9624236523367926009B6A6C /* api.plist */; };
		9624237A23368255009B6A6C /* ManufacturersPresenter.swift in Sources */ = {isa = PBXBuildFile; fileRef = 9624237423368255009B6A6C /* ManufacturersPresenter.swift */; };
		9624237B23368255009B6A6C /* ManufacturersWorker.swift in Sources */ = {isa = PBXBuildFile; fileRef = 9624237523368255009B6A6C /* ManufacturersWorker.swift */; };
		9624237C23368255009B6A6C /* ManufacturersRouter.swift in Sources */ = {isa = PBXBuildFile; fileRef = 9624237623368255009B6A6C /* ManufacturersRouter.swift */; };
		9624237D23368255009B6A6C /* ManufacturersModels.swift in Sources */ = {isa = PBXBuildFile; fileRef = 9624237723368255009B6A6C /* ManufacturersModels.swift */; };
		9624237E23368255009B6A6C /* ManufacturersViewController.swift in Sources */ = {isa = PBXBuildFile; fileRef = 9624237823368255009B6A6C /* ManufacturersViewController.swift */; };
		9624237F23368255009B6A6C /* ManufacturersInteractor.swift in Sources */ = {isa = PBXBuildFile; fileRef = 9624237923368255009B6A6C /* ManufacturersInteractor.swift */; };
		9624238123368395009B6A6C /* ManufacturersBuilder.swift in Sources */ = {isa = PBXBuildFile; fileRef = 9624238023368395009B6A6C /* ManufacturersBuilder.swift */; };
		96242384233687A5009B6A6C /* UINavigation+Extension.swift in Sources */ = {isa = PBXBuildFile; fileRef = 96242383233687A5009B6A6C /* UINavigation+Extension.swift */; };
		9624238D23368B49009B6A6C /* ManufacturersInteractorTests.swift in Sources */ = {isa = PBXBuildFile; fileRef = 9624238923368B49009B6A6C /* ManufacturersInteractorTests.swift */; };
		9624238E23368B49009B6A6C /* ManufacturersWorkerTests.swift in Sources */ = {isa = PBXBuildFile; fileRef = 9624238A23368B49009B6A6C /* ManufacturersWorkerTests.swift */; };
		9624238F23368B49009B6A6C /* ManufacturersPresenterTests.swift in Sources */ = {isa = PBXBuildFile; fileRef = 9624238B23368B49009B6A6C /* ManufacturersPresenterTests.swift */; };
		9624239223369039009B6A6C /* ManufacturersEntity.swift in Sources */ = {isa = PBXBuildFile; fileRef = 9624239123369039009B6A6C /* ManufacturersEntity.swift */; };
		9624239423369203009B6A6C /* XSError.swift in Sources */ = {isa = PBXBuildFile; fileRef = 9624239323369203009B6A6C /* XSError.swift */; };
		9624239623369243009B6A6C /* String+Extension.swift in Sources */ = {isa = PBXBuildFile; fileRef = 9624239523369243009B6A6C /* String+Extension.swift */; };
		962423982336927D009B6A6C /* Localizable.strings in Resources */ = {isa = PBXBuildFile; fileRef = 962423972336927D009B6A6C /* Localizable.strings */; };
		9624239A233694A8009B6A6C /* get_manufacturer_200.json in Resources */ = {isa = PBXBuildFile; fileRef = 96242399233694A8009B6A6C /* get_manufacturer_200.json */; };
		9624239C233694C9009B6A6C /* get_manufacturer_400.json in Resources */ = {isa = PBXBuildFile; fileRef = 9624239B233694C9009B6A6C /* get_manufacturer_400.json */; };
		9624239E23369B25009B6A6C /* ManufacturersStubs.swift in Sources */ = {isa = PBXBuildFile; fileRef = 9624239D23369B25009B6A6C /* ManufacturersStubs.swift */; };
		962423A02336B097009B6A6C /* HorizonUI.swift in Sources */ = {isa = PBXBuildFile; fileRef = 9624239F2336B097009B6A6C /* HorizonUI.swift */; };
		962423AA2336DCF5009B6A6C /* ModelsPresenter.swift in Sources */ = {isa = PBXBuildFile; fileRef = 962423A42336DCF4009B6A6C /* ModelsPresenter.swift */; };
		962423AB2336DCF5009B6A6C /* ModelsWorker.swift in Sources */ = {isa = PBXBuildFile; fileRef = 962423A52336DCF4009B6A6C /* ModelsWorker.swift */; };
		962423AC2336DCF5009B6A6C /* ModelsRouter.swift in Sources */ = {isa = PBXBuildFile; fileRef = 962423A62336DCF4009B6A6C /* ModelsRouter.swift */; };
		962423AD2336DCF5009B6A6C /* ModelsModels.swift in Sources */ = {isa = PBXBuildFile; fileRef = 962423A72336DCF4009B6A6C /* ModelsModels.swift */; };
		962423AE2336DCF5009B6A6C /* ModelsViewController.swift in Sources */ = {isa = PBXBuildFile; fileRef = 962423A82336DCF4009B6A6C /* ModelsViewController.swift */; };
		962423AF2336DCF5009B6A6C /* ModelsInteractor.swift in Sources */ = {isa = PBXBuildFile; fileRef = 962423A92336DCF4009B6A6C /* ModelsInteractor.swift */; };
		962423B62336DD4F009B6A6C /* ModelsInteractorTests.swift in Sources */ = {isa = PBXBuildFile; fileRef = 962423B22336DD4F009B6A6C /* ModelsInteractorTests.swift */; };
		962423B72336DD4F009B6A6C /* ModelsWorkerTests.swift in Sources */ = {isa = PBXBuildFile; fileRef = 962423B32336DD4F009B6A6C /* ModelsWorkerTests.swift */; };
		962423B82336DD4F009B6A6C /* ModelsPresenterTests.swift in Sources */ = {isa = PBXBuildFile; fileRef = 962423B42336DD4F009B6A6C /* ModelsPresenterTests.swift */; };
		962423BA2336E93A009B6A6C /* ModelsBuilder.swift in Sources */ = {isa = PBXBuildFile; fileRef = 962423B92336E93A009B6A6C /* ModelsBuilder.swift */; };
		962423BD2336F01C009B6A6C /* ModelsEntity.swift in Sources */ = {isa = PBXBuildFile; fileRef = 962423BC2336F01C009B6A6C /* ModelsEntity.swift */; };
		962423BF2336F192009B6A6C /* ModelsStubs.swift in Sources */ = {isa = PBXBuildFile; fileRef = 962423BE2336F192009B6A6C /* ModelsStubs.swift */; };
		962423C12336F1C0009B6A6C /* get_models_200.json in Resources */ = {isa = PBXBuildFile; fileRef = 962423C02336F1C0009B6A6C /* get_models_200.json */; };
		962423C32336F1CD009B6A6C /* get_models_400.json in Resources */ = {isa = PBXBuildFile; fileRef = 962423C22336F1CD009B6A6C /* get_models_400.json */; };
		D6FFFEFBB0DEFF4384147ED4 /* Pods_HorizonXS.framework in Frameworks */ = {isa = PBXBuildFile; fileRef = 4124BE9A288738A518058659 /* Pods_HorizonXS.framework */; };
/* End PBXBuildFile section */

/* Begin PBXContainerItemProxy section */
		9624231523366A77009B6A6C /* PBXContainerItemProxy */ = {
			isa = PBXContainerItemProxy;
			containerPortal = 962422F623366A74009B6A6C /* Project object */;
			proxyType = 1;
			remoteGlobalIDString = 962422FD23366A74009B6A6C;
			remoteInfo = HorizonXS;
		};
/* End PBXContainerItemProxy section */

/* Begin PBXFileReference section */
		0E5EB4BA0D40E08CBE944F27 /* Pods-HorizonXSTests.debug.xcconfig */ = {isa = PBXFileReference; includeInIndex = 1; lastKnownFileType = text.xcconfig; name = "Pods-HorizonXSTests.debug.xcconfig"; path = "Target Support Files/Pods-HorizonXSTests/Pods-HorizonXSTests.debug.xcconfig"; sourceTree = "<group>"; };
		2DF521D5B8FFE5E439F177EF /* Pods-HorizonXSTests.release.xcconfig */ = {isa = PBXFileReference; includeInIndex = 1; lastKnownFileType = text.xcconfig; name = "Pods-HorizonXSTests.release.xcconfig"; path = "Target Support Files/Pods-HorizonXSTests/Pods-HorizonXSTests.release.xcconfig"; sourceTree = "<group>"; };
		4124BE9A288738A518058659 /* Pods_HorizonXS.framework */ = {isa = PBXFileReference; explicitFileType = wrapper.framework; includeInIndex = 0; path = Pods_HorizonXS.framework; sourceTree = BUILT_PRODUCTS_DIR; };
		962422FE23366A74009B6A6C /* HorizonXS.app */ = {isa = PBXFileReference; explicitFileType = wrapper.application; includeInIndex = 0; path = HorizonXS.app; sourceTree = BUILT_PRODUCTS_DIR; };
		9624230123366A74009B6A6C /* AppDelegate.swift */ = {isa = PBXFileReference; lastKnownFileType = sourcecode.swift; path = AppDelegate.swift; sourceTree = "<group>"; };
		9624230323366A74009B6A6C /* SceneDelegate.swift */ = {isa = PBXFileReference; lastKnownFileType = sourcecode.swift; path = SceneDelegate.swift; sourceTree = "<group>"; };
		9624230A23366A77009B6A6C /* Assets.xcassets */ = {isa = PBXFileReference; lastKnownFileType = folder.assetcatalog; path = Assets.xcassets; sourceTree = "<group>"; };
		9624230D23366A77009B6A6C /* Base */ = {isa = PBXFileReference; lastKnownFileType = file.storyboard; name = Base; path = Base.lproj/LaunchScreen.storyboard; sourceTree = "<group>"; };
		9624230F23366A77009B6A6C /* Info.plist */ = {isa = PBXFileReference; lastKnownFileType = text.plist.xml; path = Info.plist; sourceTree = "<group>"; };
		9624231423366A77009B6A6C /* HorizonXSTests.xctest */ = {isa = PBXFileReference; explicitFileType = wrapper.cfbundle; includeInIndex = 0; path = HorizonXSTests.xctest; sourceTree = BUILT_PRODUCTS_DIR; };
		9624231823366A77009B6A6C /* HorizonXSTests.swift */ = {isa = PBXFileReference; lastKnownFileType = sourcecode.swift; path = HorizonXSTests.swift; sourceTree = "<group>"; };
		9624231A23366A77009B6A6C /* Info.plist */ = {isa = PBXFileReference; lastKnownFileType = text.plist.xml; path = Info.plist; sourceTree = "<group>"; };
		962423632336777A009B6A6C /* HorizonAPI.swift */ = {isa = PBXFileReference; lastKnownFileType = sourcecode.swift; path = HorizonAPI.swift; sourceTree = "<group>"; };
		9624236523367926009B6A6C /* api.plist */ = {isa = PBXFileReference; lastKnownFileType = text.plist.xml; path = api.plist; sourceTree = "<group>"; };
		9624237423368255009B6A6C /* ManufacturersPresenter.swift */ = {isa = PBXFileReference; lastKnownFileType = sourcecode.swift; path = ManufacturersPresenter.swift; sourceTree = "<group>"; };
		9624237523368255009B6A6C /* ManufacturersWorker.swift */ = {isa = PBXFileReference; lastKnownFileType = sourcecode.swift; path = ManufacturersWorker.swift; sourceTree = "<group>"; };
		9624237623368255009B6A6C /* ManufacturersRouter.swift */ = {isa = PBXFileReference; lastKnownFileType = sourcecode.swift; path = ManufacturersRouter.swift; sourceTree = "<group>"; };
		9624237723368255009B6A6C /* ManufacturersModels.swift */ = {isa = PBXFileReference; lastKnownFileType = sourcecode.swift; path = ManufacturersModels.swift; sourceTree = "<group>"; };
		9624237823368255009B6A6C /* ManufacturersViewController.swift */ = {isa = PBXFileReference; lastKnownFileType = sourcecode.swift; path = ManufacturersViewController.swift; sourceTree = "<group>"; };
		9624237923368255009B6A6C /* ManufacturersInteractor.swift */ = {isa = PBXFileReference; lastKnownFileType = sourcecode.swift; path = ManufacturersInteractor.swift; sourceTree = "<group>"; };
		9624238023368395009B6A6C /* ManufacturersBuilder.swift */ = {isa = PBXFileReference; lastKnownFileType = sourcecode.swift; path = ManufacturersBuilder.swift; sourceTree = "<group>"; };
		96242383233687A5009B6A6C /* UINavigation+Extension.swift */ = {isa = PBXFileReference; lastKnownFileType = sourcecode.swift; path = "UINavigation+Extension.swift"; sourceTree = "<group>"; };
		9624238923368B49009B6A6C /* ManufacturersInteractorTests.swift */ = {isa = PBXFileReference; lastKnownFileType = sourcecode.swift; path = ManufacturersInteractorTests.swift; sourceTree = "<group>"; };
		9624238A23368B49009B6A6C /* ManufacturersWorkerTests.swift */ = {isa = PBXFileReference; lastKnownFileType = sourcecode.swift; path = ManufacturersWorkerTests.swift; sourceTree = "<group>"; };
		9624238B23368B49009B6A6C /* ManufacturersPresenterTests.swift */ = {isa = PBXFileReference; lastKnownFileType = sourcecode.swift; path = ManufacturersPresenterTests.swift; sourceTree = "<group>"; };
		9624239123369039009B6A6C /* ManufacturersEntity.swift */ = {isa = PBXFileReference; lastKnownFileType = sourcecode.swift; path = ManufacturersEntity.swift; sourceTree = "<group>"; };
		9624239323369203009B6A6C /* XSError.swift */ = {isa = PBXFileReference; lastKnownFileType = sourcecode.swift; path = XSError.swift; sourceTree = "<group>"; };
		9624239523369243009B6A6C /* String+Extension.swift */ = {isa = PBXFileReference; lastKnownFileType = sourcecode.swift; path = "String+Extension.swift"; sourceTree = "<group>"; };
		962423972336927D009B6A6C /* Localizable.strings */ = {isa = PBXFileReference; lastKnownFileType = text.plist.strings; path = Localizable.strings; sourceTree = "<group>"; };
		96242399233694A8009B6A6C /* get_manufacturer_200.json */ = {isa = PBXFileReference; lastKnownFileType = text.json; path = get_manufacturer_200.json; sourceTree = "<group>"; };
		9624239B233694C9009B6A6C /* get_manufacturer_400.json */ = {isa = PBXFileReference; lastKnownFileType = text.json; path = get_manufacturer_400.json; sourceTree = "<group>"; };
		9624239D23369B25009B6A6C /* ManufacturersStubs.swift */ = {isa = PBXFileReference; lastKnownFileType = sourcecode.swift; path = ManufacturersStubs.swift; sourceTree = "<group>"; };
		9624239F2336B097009B6A6C /* HorizonUI.swift */ = {isa = PBXFileReference; lastKnownFileType = sourcecode.swift; path = HorizonUI.swift; sourceTree = "<group>"; };
		962423A42336DCF4009B6A6C /* ModelsPresenter.swift */ = {isa = PBXFileReference; lastKnownFileType = sourcecode.swift; path = ModelsPresenter.swift; sourceTree = "<group>"; };
		962423A52336DCF4009B6A6C /* ModelsWorker.swift */ = {isa = PBXFileReference; lastKnownFileType = sourcecode.swift; path = ModelsWorker.swift; sourceTree = "<group>"; };
		962423A62336DCF4009B6A6C /* ModelsRouter.swift */ = {isa = PBXFileReference; lastKnownFileType = sourcecode.swift; path = ModelsRouter.swift; sourceTree = "<group>"; };
		962423A72336DCF4009B6A6C /* ModelsModels.swift */ = {isa = PBXFileReference; lastKnownFileType = sourcecode.swift; path = ModelsModels.swift; sourceTree = "<group>"; };
		962423A82336DCF4009B6A6C /* ModelsViewController.swift */ = {isa = PBXFileReference; lastKnownFileType = sourcecode.swift; path = ModelsViewController.swift; sourceTree = "<group>"; };
		962423A92336DCF4009B6A6C /* ModelsInteractor.swift */ = {isa = PBXFileReference; lastKnownFileType = sourcecode.swift; path = ModelsInteractor.swift; sourceTree = "<group>"; };
		962423B22336DD4F009B6A6C /* ModelsInteractorTests.swift */ = {isa = PBXFileReference; lastKnownFileType = sourcecode.swift; path = ModelsInteractorTests.swift; sourceTree = "<group>"; };
		962423B32336DD4F009B6A6C /* ModelsWorkerTests.swift */ = {isa = PBXFileReference; lastKnownFileType = sourcecode.swift; path = ModelsWorkerTests.swift; sourceTree = "<group>"; };
		962423B42336DD4F009B6A6C /* ModelsPresenterTests.swift */ = {isa = PBXFileReference; lastKnownFileType = sourcecode.swift; path = ModelsPresenterTests.swift; sourceTree = "<group>"; };
		962423B92336E93A009B6A6C /* ModelsBuilder.swift */ = {isa = PBXFileReference; lastKnownFileType = sourcecode.swift; path = ModelsBuilder.swift; sourceTree = "<group>"; };
		962423BC2336F01C009B6A6C /* ModelsEntity.swift */ = {isa = PBXFileReference; lastKnownFileType = sourcecode.swift; path = ModelsEntity.swift; sourceTree = "<group>"; };
		962423BE2336F192009B6A6C /* ModelsStubs.swift */ = {isa = PBXFileReference; lastKnownFileType = sourcecode.swift; path = ModelsStubs.swift; sourceTree = "<group>"; };
		962423C02336F1C0009B6A6C /* get_models_200.json */ = {isa = PBXFileReference; lastKnownFileType = text.json; path = get_models_200.json; sourceTree = "<group>"; };
		962423C22336F1CD009B6A6C /* get_models_400.json */ = {isa = PBXFileReference; lastKnownFileType = text.json; path = get_models_400.json; sourceTree = "<group>"; };
		AA4D3159E1B2BC5CF0DD6104 /* Pods-HorizonXS.release.xcconfig */ = {isa = PBXFileReference; includeInIndex = 1; lastKnownFileType = text.xcconfig; name = "Pods-HorizonXS.release.xcconfig"; path = "Target Support Files/Pods-HorizonXS/Pods-HorizonXS.release.xcconfig"; sourceTree = "<group>"; };
		F1A718BF0CADA58537E218F3 /* Pods_HorizonXSTests.framework */ = {isa = PBXFileReference; explicitFileType = wrapper.framework; includeInIndex = 0; path = Pods_HorizonXSTests.framework; sourceTree = BUILT_PRODUCTS_DIR; };
		F4F7530596E646B29341D28D /* Pods-HorizonXS.debug.xcconfig */ = {isa = PBXFileReference; includeInIndex = 1; lastKnownFileType = text.xcconfig; name = "Pods-HorizonXS.debug.xcconfig"; path = "Target Support Files/Pods-HorizonXS/Pods-HorizonXS.debug.xcconfig"; sourceTree = "<group>"; };
/* End PBXFileReference section */

/* Begin PBXFrameworksBuildPhase section */
		962422FB23366A74009B6A6C /* Frameworks */ = {
			isa = PBXFrameworksBuildPhase;
			buildActionMask = 2147483647;
			files = (
				D6FFFEFBB0DEFF4384147ED4 /* Pods_HorizonXS.framework in Frameworks */,
			);
			runOnlyForDeploymentPostprocessing = 0;
		};
		9624231123366A77009B6A6C /* Frameworks */ = {
			isa = PBXFrameworksBuildPhase;
			buildActionMask = 2147483647;
			files = (
				82D73405866EF74F2C455146 /* Pods_HorizonXSTests.framework in Frameworks */,
			);
			runOnlyForDeploymentPostprocessing = 0;
		};
/* End PBXFrameworksBuildPhase section */

/* Begin PBXGroup section */
		6CC7E7B6BC0558BE6576C657 /* Frameworks */ = {
			isa = PBXGroup;
			children = (
				4124BE9A288738A518058659 /* Pods_HorizonXS.framework */,
				F1A718BF0CADA58537E218F3 /* Pods_HorizonXSTests.framework */,
			);
			name = Frameworks;
			sourceTree = "<group>";
		};
		9326A0B62C61747464F78438 /* Pods */ = {
			isa = PBXGroup;
			children = (
				F4F7530596E646B29341D28D /* Pods-HorizonXS.debug.xcconfig */,
				AA4D3159E1B2BC5CF0DD6104 /* Pods-HorizonXS.release.xcconfig */,
				0E5EB4BA0D40E08CBE944F27 /* Pods-HorizonXSTests.debug.xcconfig */,
				2DF521D5B8FFE5E439F177EF /* Pods-HorizonXSTests.release.xcconfig */,
			);
			path = Pods;
			sourceTree = "<group>";
		};
		962422F523366A74009B6A6C = {
			isa = PBXGroup;
			children = (
				9624230023366A74009B6A6C /* HorizonXS */,
				9624231723366A77009B6A6C /* HorizonXSTests */,
				962422FF23366A74009B6A6C /* Products */,
				9326A0B62C61747464F78438 /* Pods */,
				6CC7E7B6BC0558BE6576C657 /* Frameworks */,
			);
			sourceTree = "<group>";
		};
		962422FF23366A74009B6A6C /* Products */ = {
			isa = PBXGroup;
			children = (
				962422FE23366A74009B6A6C /* HorizonXS.app */,
				9624231423366A77009B6A6C /* HorizonXSTests.xctest */,
			);
			name = Products;
			sourceTree = "<group>";
		};
		9624230023366A74009B6A6C /* HorizonXS */ = {
			isa = PBXGroup;
			children = (
				9624236223367742009B6A6C /* Utils */,
				962423612336773B009B6A6C /* Network */,
				9624236023367731009B6A6C /* Commons */,
				9624232423366BE6009B6A6C /* Features */,
				9624232323366AA5009B6A6C /* Resources */,
				9624230123366A74009B6A6C /* AppDelegate.swift */,
				9624230323366A74009B6A6C /* SceneDelegate.swift */,
			);
			path = HorizonXS;
			sourceTree = "<group>";
		};
		9624231723366A77009B6A6C /* HorizonXSTests */ = {
			isa = PBXGroup;
			children = (
				9624238723368B31009B6A6C /* Resources */,
				9624238523368B18009B6A6C /* Features */,
				9624231823366A77009B6A6C /* HorizonXSTests.swift */,
				9624231A23366A77009B6A6C /* Info.plist */,
			);
			path = HorizonXSTests;
			sourceTree = "<group>";
		};
		9624232323366AA5009B6A6C /* Resources */ = {
			isa = PBXGroup;
			children = (
				9624230A23366A77009B6A6C /* Assets.xcassets */,
				9624230C23366A77009B6A6C /* LaunchScreen.storyboard */,
				9624230F23366A77009B6A6C /* Info.plist */,
				9624236523367926009B6A6C /* api.plist */,
				962423972336927D009B6A6C /* Localizable.strings */,
			);
			path = Resources;
			sourceTree = "<group>";
		};
		9624232423366BE6009B6A6C /* Features */ = {
			isa = PBXGroup;
			children = (
				962423A32336DCD0009B6A6C /* Models */,
				9624236723367E01009B6A6C /* Manufacturers */,
			);
			path = Features;
			sourceTree = "<group>";
		};
		9624236023367731009B6A6C /* Commons */ = {
			isa = PBXGroup;
			children = (
			);
			path = Commons;
			sourceTree = "<group>";
		};
		962423612336773B009B6A6C /* Network */ = {
			isa = PBXGroup;
			children = (
				962423632336777A009B6A6C /* HorizonAPI.swift */,
				9624239323369203009B6A6C /* XSError.swift */,
			);
			path = Network;
			sourceTree = "<group>";
		};
		9624236223367742009B6A6C /* Utils */ = {
			isa = PBXGroup;
			children = (
				962423822336879A009B6A6C /* Extensions */,
				9624239F2336B097009B6A6C /* HorizonUI.swift */,
			);
			path = Utils;
			sourceTree = "<group>";
		};
		9624236723367E01009B6A6C /* Manufacturers */ = {
			isa = PBXGroup;
			children = (
				962423902336900B009B6A6C /* Entities */,
				9624237423368255009B6A6C /* ManufacturersPresenter.swift */,
				9624237523368255009B6A6C /* ManufacturersWorker.swift */,
				9624237623368255009B6A6C /* ManufacturersRouter.swift */,
				9624237723368255009B6A6C /* ManufacturersModels.swift */,
				9624237823368255009B6A6C /* ManufacturersViewController.swift */,
				9624237923368255009B6A6C /* ManufacturersInteractor.swift */,
				9624238023368395009B6A6C /* ManufacturersBuilder.swift */,
			);
			path = Manufacturers;
			sourceTree = "<group>";
		};
		962423822336879A009B6A6C /* Extensions */ = {
			isa = PBXGroup;
			children = (
				96242383233687A5009B6A6C /* UINavigation+Extension.swift */,
				9624239523369243009B6A6C /* String+Extension.swift */,
			);
			path = Extensions;
			sourceTree = "<group>";
		};
		9624238523368B18009B6A6C /* Features */ = {
			isa = PBXGroup;
			children = (
				962423B02336DD3D009B6A6C /* Models */,
				9624238623368B2A009B6A6C /* Manufacturers */,
			);
			path = Features;
			sourceTree = "<group>";
		};
		9624238623368B2A009B6A6C /* Manufacturers */ = {
			isa = PBXGroup;
			children = (
				9624238923368B49009B6A6C /* ManufacturersInteractorTests.swift */,
				9624238A23368B49009B6A6C /* ManufacturersWorkerTests.swift */,
				9624238B23368B49009B6A6C /* ManufacturersPresenterTests.swift */,
				9624239D23369B25009B6A6C /* ManufacturersStubs.swift */,
			);
			path = Manufacturers;
			sourceTree = "<group>";
		};
		9624238723368B31009B6A6C /* Resources */ = {
			isa = PBXGroup;
			children = (
				96242399233694A8009B6A6C /* get_manufacturer_200.json */,
				9624239B233694C9009B6A6C /* get_manufacturer_400.json */,
				962423C02336F1C0009B6A6C /* get_models_200.json */,
				962423C22336F1CD009B6A6C /* get_models_400.json */,
			);
			path = Resources;
			sourceTree = "<group>";
		};
		962423902336900B009B6A6C /* Entities */ = {
			isa = PBXGroup;
			children = (
				9624239123369039009B6A6C /* ManufacturersEntity.swift */,
			);
			path = Entities;
			sourceTree = "<group>";
		};
		962423A32336DCD0009B6A6C /* Models */ = {
			isa = PBXGroup;
			children = (
				962423BB2336EFEB009B6A6C /* Entities */,
				962423A42336DCF4009B6A6C /* ModelsPresenter.swift */,
				962423A52336DCF4009B6A6C /* ModelsWorker.swift */,
				962423A62336DCF4009B6A6C /* ModelsRouter.swift */,
				962423A72336DCF4009B6A6C /* ModelsModels.swift */,
				962423A82336DCF4009B6A6C /* ModelsViewController.swift */,
				962423A92336DCF4009B6A6C /* ModelsInteractor.swift */,
				962423B92336E93A009B6A6C /* ModelsBuilder.swift */,
			);
			path = Models;
			sourceTree = "<group>";
		};
		962423B02336DD3D009B6A6C /* Models */ = {
			isa = PBXGroup;
			children = (
				962423B22336DD4F009B6A6C /* ModelsInteractorTests.swift */,
				962423B32336DD4F009B6A6C /* ModelsWorkerTests.swift */,
				962423B42336DD4F009B6A6C /* ModelsPresenterTests.swift */,
				962423BE2336F192009B6A6C /* ModelsStubs.swift */,
			);
			path = Models;
			sourceTree = "<group>";
		};
		962423BB2336EFEB009B6A6C /* Entities */ = {
			isa = PBXGroup;
			children = (
				962423BC2336F01C009B6A6C /* ModelsEntity.swift */,
			);
			path = Entities;
			sourceTree = "<group>";
		};
/* End PBXGroup section */

/* Begin PBXNativeTarget section */
		962422FD23366A74009B6A6C /* HorizonXS */ = {
			isa = PBXNativeTarget;
			buildConfigurationList = 9624231D23366A77009B6A6C /* Build configuration list for PBXNativeTarget "HorizonXS" */;
			buildPhases = (
				28FDB671985E93006BA0FD12 /* [CP] Check Pods Manifest.lock */,
				962422FA23366A74009B6A6C /* Sources */,
				962422FB23366A74009B6A6C /* Frameworks */,
				962422FC23366A74009B6A6C /* Resources */,
				9624235F233671EB009B6A6C /* Swiftlint */,
			);
			buildRules = (
			);
			dependencies = (
			);
			name = HorizonXS;
			productName = HorizonXS;
			productReference = 962422FE23366A74009B6A6C /* HorizonXS.app */;
			productType = "com.apple.product-type.application";
		};
		9624231323366A77009B6A6C /* HorizonXSTests */ = {
			isa = PBXNativeTarget;
			buildConfigurationList = 9624232023366A77009B6A6C /* Build configuration list for PBXNativeTarget "HorizonXSTests" */;
			buildPhases = (
				48B26BE12EF50174F3A455AA /* [CP] Check Pods Manifest.lock */,
				9624231023366A77009B6A6C /* Sources */,
				9624231123366A77009B6A6C /* Frameworks */,
				9624231223366A77009B6A6C /* Resources */,
				1300BC38343584016BB6E076 /* [CP] Embed Pods Frameworks */,
			);
			buildRules = (
			);
			dependencies = (
				9624231623366A77009B6A6C /* PBXTargetDependency */,
			);
			name = HorizonXSTests;
			productName = HorizonXSTests;
			productReference = 9624231423366A77009B6A6C /* HorizonXSTests.xctest */;
			productType = "com.apple.product-type.bundle.unit-test";
		};
/* End PBXNativeTarget section */

/* Begin PBXProject section */
		962422F623366A74009B6A6C /* Project object */ = {
			isa = PBXProject;
			attributes = {
				LastSwiftUpdateCheck = 1100;
				LastUpgradeCheck = 1100;
				ORGANIZATIONNAME = "Carlos Jimenez";
				TargetAttributes = {
					962422FD23366A74009B6A6C = {
						CreatedOnToolsVersion = 11.0;
					};
					9624231323366A77009B6A6C = {
						CreatedOnToolsVersion = 11.0;
						TestTargetID = 962422FD23366A74009B6A6C;
					};
				};
			};
			buildConfigurationList = 962422F923366A74009B6A6C /* Build configuration list for PBXProject "HorizonXS" */;
			compatibilityVersion = "Xcode 9.3";
			developmentRegion = en;
			hasScannedForEncodings = 0;
			knownRegions = (
				en,
				Base,
			);
			mainGroup = 962422F523366A74009B6A6C;
			productRefGroup = 962422FF23366A74009B6A6C /* Products */;
			projectDirPath = "";
			projectRoot = "";
			targets = (
				962422FD23366A74009B6A6C /* HorizonXS */,
				9624231323366A77009B6A6C /* HorizonXSTests */,
			);
		};
/* End PBXProject section */

/* Begin PBXResourcesBuildPhase section */
		962422FC23366A74009B6A6C /* Resources */ = {
			isa = PBXResourcesBuildPhase;
			buildActionMask = 2147483647;
			files = (
				9624230E23366A77009B6A6C /* LaunchScreen.storyboard in Resources */,
				962423982336927D009B6A6C /* Localizable.strings in Resources */,
				9624236623367926009B6A6C /* api.plist in Resources */,
				9624230B23366A77009B6A6C /* Assets.xcassets in Resources */,
			);
			runOnlyForDeploymentPostprocessing = 0;
		};
		9624231223366A77009B6A6C /* Resources */ = {
			isa = PBXResourcesBuildPhase;
			buildActionMask = 2147483647;
			files = (
				9624239C233694C9009B6A6C /* get_manufacturer_400.json in Resources */,
				962423C32336F1CD009B6A6C /* get_models_400.json in Resources */,
				9624239A233694A8009B6A6C /* get_manufacturer_200.json in Resources */,
				962423C12336F1C0009B6A6C /* get_models_200.json in Resources */,
			);
			runOnlyForDeploymentPostprocessing = 0;
		};
/* End PBXResourcesBuildPhase section */

/* Begin PBXShellScriptBuildPhase section */
		1300BC38343584016BB6E076 /* [CP] Embed Pods Frameworks */ = {
			isa = PBXShellScriptBuildPhase;
			buildActionMask = 2147483647;
			files = (
			);
			inputFileListPaths = (
			);
			name = "[CP] Embed Pods Frameworks";
			outputFileListPaths = (
			);
			runOnlyForDeploymentPostprocessing = 0;
			shellPath = /bin/sh;
			shellScript = "\"${PODS_ROOT}/Target Support Files/Pods-HorizonXSTests/Pods-HorizonXSTests-frameworks.sh\"\n";
			showEnvVarsInLog = 0;
		};
		28FDB671985E93006BA0FD12 /* [CP] Check Pods Manifest.lock */ = {
			isa = PBXShellScriptBuildPhase;
			buildActionMask = 2147483647;
			files = (
			);
			inputFileListPaths = (
			);
			inputPaths = (
				"${PODS_PODFILE_DIR_PATH}/Podfile.lock",
				"${PODS_ROOT}/Manifest.lock",
			);
			name = "[CP] Check Pods Manifest.lock";
			outputFileListPaths = (
			);
			outputPaths = (
				"$(DERIVED_FILE_DIR)/Pods-HorizonXS-checkManifestLockResult.txt",
			);
			runOnlyForDeploymentPostprocessing = 0;
			shellPath = /bin/sh;
			shellScript = "diff \"${PODS_PODFILE_DIR_PATH}/Podfile.lock\" \"${PODS_ROOT}/Manifest.lock\" > /dev/null\nif [ $? != 0 ] ; then\n    # print error to STDERR\n    echo \"error: The sandbox is not in sync with the Podfile.lock. Run 'pod install' or update your CocoaPods installation.\" >&2\n    exit 1\nfi\n# This output is used by Xcode 'outputs' to avoid re-running this script phase.\necho \"SUCCESS\" > \"${SCRIPT_OUTPUT_FILE_0}\"\n";
			showEnvVarsInLog = 0;
		};
		48B26BE12EF50174F3A455AA /* [CP] Check Pods Manifest.lock */ = {
			isa = PBXShellScriptBuildPhase;
			buildActionMask = 2147483647;
			files = (
			);
			inputFileListPaths = (
			);
			inputPaths = (
				"${PODS_PODFILE_DIR_PATH}/Podfile.lock",
				"${PODS_ROOT}/Manifest.lock",
			);
			name = "[CP] Check Pods Manifest.lock";
			outputFileListPaths = (
			);
			outputPaths = (
				"$(DERIVED_FILE_DIR)/Pods-HorizonXSTests-checkManifestLockResult.txt",
			);
			runOnlyForDeploymentPostprocessing = 0;
			shellPath = /bin/sh;
			shellScript = "diff \"${PODS_PODFILE_DIR_PATH}/Podfile.lock\" \"${PODS_ROOT}/Manifest.lock\" > /dev/null\nif [ $? != 0 ] ; then\n    # print error to STDERR\n    echo \"error: The sandbox is not in sync with the Podfile.lock. Run 'pod install' or update your CocoaPods installation.\" >&2\n    exit 1\nfi\n# This output is used by Xcode 'outputs' to avoid re-running this script phase.\necho \"SUCCESS\" > \"${SCRIPT_OUTPUT_FILE_0}\"\n";
			showEnvVarsInLog = 0;
		};
		9624235F233671EB009B6A6C /* Swiftlint */ = {
			isa = PBXShellScriptBuildPhase;
			buildActionMask = 2147483647;
			files = (
			);
			inputFileListPaths = (
			);
			inputPaths = (
			);
			name = Swiftlint;
			outputFileListPaths = (
			);
			outputPaths = (
			);
			runOnlyForDeploymentPostprocessing = 0;
			shellPath = /bin/sh;
			shellScript = "if which swiftlint >/dev/null; then\n    swiftlint\nelse\n    echo \"warning: SwiftLint not installed, download from https://github.com/realm/SwiftLint\"\nfi\n";
		};
/* End PBXShellScriptBuildPhase section */

/* Begin PBXSourcesBuildPhase section */
		962422FA23366A74009B6A6C /* Sources */ = {
			isa = PBXSourcesBuildPhase;
			buildActionMask = 2147483647;
			files = (
				9624238123368395009B6A6C /* ManufacturersBuilder.swift in Sources */,
				9624237D23368255009B6A6C /* ManufacturersModels.swift in Sources */,
				96242384233687A5009B6A6C /* UINavigation+Extension.swift in Sources */,
				962423AD2336DCF5009B6A6C /* ModelsModels.swift in Sources */,
				9624237E23368255009B6A6C /* ManufacturersViewController.swift in Sources */,
				962423AC2336DCF5009B6A6C /* ModelsRouter.swift in Sources */,
				962423AB2336DCF5009B6A6C /* ModelsWorker.swift in Sources */,
				962423BD2336F01C009B6A6C /* ModelsEntity.swift in Sources */,
				9624230223366A74009B6A6C /* AppDelegate.swift in Sources */,
				9624230423366A74009B6A6C /* SceneDelegate.swift in Sources */,
				962423642336777A009B6A6C /* HorizonAPI.swift in Sources */,
				9624237A23368255009B6A6C /* ManufacturersPresenter.swift in Sources */,
				9624239623369243009B6A6C /* String+Extension.swift in Sources */,
				962423AE2336DCF5009B6A6C /* ModelsViewController.swift in Sources */,
				9624237F23368255009B6A6C /* ManufacturersInteractor.swift in Sources */,
				962423A02336B097009B6A6C /* HorizonUI.swift in Sources */,
				9624237B23368255009B6A6C /* ManufacturersWorker.swift in Sources */,
				962423AA2336DCF5009B6A6C /* ModelsPresenter.swift in Sources */,
				962423AF2336DCF5009B6A6C /* ModelsInteractor.swift in Sources */,
				9624239423369203009B6A6C /* XSError.swift in Sources */,
				962423BA2336E93A009B6A6C /* ModelsBuilder.swift in Sources */,
				9624239223369039009B6A6C /* ManufacturersEntity.swift in Sources */,
				9624237C23368255009B6A6C /* ManufacturersRouter.swift in Sources */,
			);
			runOnlyForDeploymentPostprocessing = 0;
		};
		9624231023366A77009B6A6C /* Sources */ = {
			isa = PBXSourcesBuildPhase;
			buildActionMask = 2147483647;
			files = (
				962423B82336DD4F009B6A6C /* ModelsPresenterTests.swift in Sources */,
				962423BF2336F192009B6A6C /* ModelsStubs.swift in Sources */,
				9624239E23369B25009B6A6C /* ManufacturersStubs.swift in Sources */,
				9624231923366A77009B6A6C /* HorizonXSTests.swift in Sources */,
				9624238E23368B49009B6A6C /* ManufacturersWorkerTests.swift in Sources */,
				962423B72336DD4F009B6A6C /* ModelsWorkerTests.swift in Sources */,
				9624238D23368B49009B6A6C /* ManufacturersInteractorTests.swift in Sources */,
				962423B62336DD4F009B6A6C /* ModelsInteractorTests.swift in Sources */,
				9624238F23368B49009B6A6C /* ManufacturersPresenterTests.swift in Sources */,
			);
			runOnlyForDeploymentPostprocessing = 0;
		};
/* End PBXSourcesBuildPhase section */

/* Begin PBXTargetDependency section */
		9624231623366A77009B6A6C /* PBXTargetDependency */ = {
			isa = PBXTargetDependency;
			target = 962422FD23366A74009B6A6C /* HorizonXS */;
			targetProxy = 9624231523366A77009B6A6C /* PBXContainerItemProxy */;
		};
/* End PBXTargetDependency section */

/* Begin PBXVariantGroup section */
		9624230C23366A77009B6A6C /* LaunchScreen.storyboard */ = {
			isa = PBXVariantGroup;
			children = (
				9624230D23366A77009B6A6C /* Base */,
			);
			name = LaunchScreen.storyboard;
			sourceTree = "<group>";
		};
/* End PBXVariantGroup section */

/* Begin XCBuildConfiguration section */
		9624231B23366A77009B6A6C /* Debug */ = {
			isa = XCBuildConfiguration;
			buildSettings = {
				ALWAYS_SEARCH_USER_PATHS = NO;
				CLANG_ANALYZER_NONNULL = YES;
				CLANG_ANALYZER_NUMBER_OBJECT_CONVERSION = YES_AGGRESSIVE;
				CLANG_CXX_LANGUAGE_STANDARD = "gnu++14";
				CLANG_CXX_LIBRARY = "libc++";
				CLANG_ENABLE_MODULES = YES;
				CLANG_ENABLE_OBJC_ARC = YES;
				CLANG_ENABLE_OBJC_WEAK = YES;
				CLANG_WARN_BLOCK_CAPTURE_AUTORELEASING = YES;
				CLANG_WARN_BOOL_CONVERSION = YES;
				CLANG_WARN_COMMA = YES;
				CLANG_WARN_CONSTANT_CONVERSION = YES;
				CLANG_WARN_DEPRECATED_OBJC_IMPLEMENTATIONS = YES;
				CLANG_WARN_DIRECT_OBJC_ISA_USAGE = YES_ERROR;
				CLANG_WARN_DOCUMENTATION_COMMENTS = YES;
				CLANG_WARN_EMPTY_BODY = YES;
				CLANG_WARN_ENUM_CONVERSION = YES;
				CLANG_WARN_INFINITE_RECURSION = YES;
				CLANG_WARN_INT_CONVERSION = YES;
				CLANG_WARN_NON_LITERAL_NULL_CONVERSION = YES;
				CLANG_WARN_OBJC_IMPLICIT_RETAIN_SELF = YES;
				CLANG_WARN_OBJC_LITERAL_CONVERSION = YES;
				CLANG_WARN_OBJC_ROOT_CLASS = YES_ERROR;
				CLANG_WARN_RANGE_LOOP_ANALYSIS = YES;
				CLANG_WARN_STRICT_PROTOTYPES = YES;
				CLANG_WARN_SUSPICIOUS_MOVE = YES;
				CLANG_WARN_UNGUARDED_AVAILABILITY = YES_AGGRESSIVE;
				CLANG_WARN_UNREACHABLE_CODE = YES;
				CLANG_WARN__DUPLICATE_METHOD_MATCH = YES;
				COPY_PHASE_STRIP = NO;
				DEBUG_INFORMATION_FORMAT = dwarf;
				ENABLE_STRICT_OBJC_MSGSEND = YES;
				ENABLE_TESTABILITY = YES;
				GCC_C_LANGUAGE_STANDARD = gnu11;
				GCC_DYNAMIC_NO_PIC = NO;
				GCC_NO_COMMON_BLOCKS = YES;
				GCC_OPTIMIZATION_LEVEL = 0;
				GCC_PREPROCESSOR_DEFINITIONS = (
					"DEBUG=1",
					"$(inherited)",
				);
				GCC_WARN_64_TO_32_BIT_CONVERSION = YES;
				GCC_WARN_ABOUT_RETURN_TYPE = YES_ERROR;
				GCC_WARN_UNDECLARED_SELECTOR = YES;
				GCC_WARN_UNINITIALIZED_AUTOS = YES_AGGRESSIVE;
				GCC_WARN_UNUSED_FUNCTION = YES;
				GCC_WARN_UNUSED_VARIABLE = YES;
				IPHONEOS_DEPLOYMENT_TARGET = 13.0;
				MTL_ENABLE_DEBUG_INFO = INCLUDE_SOURCE;
				MTL_FAST_MATH = YES;
				ONLY_ACTIVE_ARCH = YES;
				SDKROOT = iphoneos;
				SWIFT_ACTIVE_COMPILATION_CONDITIONS = DEBUG;
				SWIFT_OPTIMIZATION_LEVEL = "-Onone";
			};
			name = Debug;
		};
		9624231C23366A77009B6A6C /* Release */ = {
			isa = XCBuildConfiguration;
			buildSettings = {
				ALWAYS_SEARCH_USER_PATHS = NO;
				CLANG_ANALYZER_NONNULL = YES;
				CLANG_ANALYZER_NUMBER_OBJECT_CONVERSION = YES_AGGRESSIVE;
				CLANG_CXX_LANGUAGE_STANDARD = "gnu++14";
				CLANG_CXX_LIBRARY = "libc++";
				CLANG_ENABLE_MODULES = YES;
				CLANG_ENABLE_OBJC_ARC = YES;
				CLANG_ENABLE_OBJC_WEAK = YES;
				CLANG_WARN_BLOCK_CAPTURE_AUTORELEASING = YES;
				CLANG_WARN_BOOL_CONVERSION = YES;
				CLANG_WARN_COMMA = YES;
				CLANG_WARN_CONSTANT_CONVERSION = YES;
				CLANG_WARN_DEPRECATED_OBJC_IMPLEMENTATIONS = YES;
				CLANG_WARN_DIRECT_OBJC_ISA_USAGE = YES_ERROR;
				CLANG_WARN_DOCUMENTATION_COMMENTS = YES;
				CLANG_WARN_EMPTY_BODY = YES;
				CLANG_WARN_ENUM_CONVERSION = YES;
				CLANG_WARN_INFINITE_RECURSION = YES;
				CLANG_WARN_INT_CONVERSION = YES;
				CLANG_WARN_NON_LITERAL_NULL_CONVERSION = YES;
				CLANG_WARN_OBJC_IMPLICIT_RETAIN_SELF = YES;
				CLANG_WARN_OBJC_LITERAL_CONVERSION = YES;
				CLANG_WARN_OBJC_ROOT_CLASS = YES_ERROR;
				CLANG_WARN_RANGE_LOOP_ANALYSIS = YES;
				CLANG_WARN_STRICT_PROTOTYPES = YES;
				CLANG_WARN_SUSPICIOUS_MOVE = YES;
				CLANG_WARN_UNGUARDED_AVAILABILITY = YES_AGGRESSIVE;
				CLANG_WARN_UNREACHABLE_CODE = YES;
				CLANG_WARN__DUPLICATE_METHOD_MATCH = YES;
				COPY_PHASE_STRIP = NO;
				DEBUG_INFORMATION_FORMAT = "dwarf-with-dsym";
				ENABLE_NS_ASSERTIONS = NO;
				ENABLE_STRICT_OBJC_MSGSEND = YES;
				GCC_C_LANGUAGE_STANDARD = gnu11;
				GCC_NO_COMMON_BLOCKS = YES;
				GCC_WARN_64_TO_32_BIT_CONVERSION = YES;
				GCC_WARN_ABOUT_RETURN_TYPE = YES_ERROR;
				GCC_WARN_UNDECLARED_SELECTOR = YES;
				GCC_WARN_UNINITIALIZED_AUTOS = YES_AGGRESSIVE;
				GCC_WARN_UNUSED_FUNCTION = YES;
				GCC_WARN_UNUSED_VARIABLE = YES;
				IPHONEOS_DEPLOYMENT_TARGET = 13.0;
				MTL_ENABLE_DEBUG_INFO = NO;
				MTL_FAST_MATH = YES;
				SDKROOT = iphoneos;
				SWIFT_COMPILATION_MODE = wholemodule;
				SWIFT_OPTIMIZATION_LEVEL = "-O";
				VALIDATE_PRODUCT = YES;
			};
			name = Release;
		};
		9624231E23366A77009B6A6C /* Debug */ = {
			isa = XCBuildConfiguration;
			baseConfigurationReference = F4F7530596E646B29341D28D /* Pods-HorizonXS.debug.xcconfig */;
			buildSettings = {
				ASSETCATALOG_COMPILER_APPICON_NAME = AppIcon;
				CODE_SIGN_STYLE = Automatic;
				INFOPLIST_FILE = HorizonXS/Resources/Info.plist;
				LD_RUNPATH_SEARCH_PATHS = (
					"$(inherited)",
					"@executable_path/Frameworks",
				);
				PRODUCT_BUNDLE_IDENTIFIER = app.personal.HorizonXS;
				PRODUCT_NAME = "$(TARGET_NAME)";
				SWIFT_VERSION = 5.0;
				TARGETED_DEVICE_FAMILY = 1;
			};
			name = Debug;
		};
		9624231F23366A77009B6A6C /* Release */ = {
			isa = XCBuildConfiguration;
			baseConfigurationReference = AA4D3159E1B2BC5CF0DD6104 /* Pods-HorizonXS.release.xcconfig */;
			buildSettings = {
				ASSETCATALOG_COMPILER_APPICON_NAME = AppIcon;
				CODE_SIGN_STYLE = Automatic;
				INFOPLIST_FILE = HorizonXS/Resources/Info.plist;
				LD_RUNPATH_SEARCH_PATHS = (
					"$(inherited)",
					"@executable_path/Frameworks",
				);
				PRODUCT_BUNDLE_IDENTIFIER = app.personal.HorizonXS;
				PRODUCT_NAME = "$(TARGET_NAME)";
				SWIFT_VERSION = 5.0;
				TARGETED_DEVICE_FAMILY = 1;
			};
			name = Release;
		};
		9624232123366A77009B6A6C /* Debug */ = {
			isa = XCBuildConfiguration;
			baseConfigurationReference = 0E5EB4BA0D40E08CBE944F27 /* Pods-HorizonXSTests.debug.xcconfig */;
			buildSettings = {
				ALWAYS_EMBED_SWIFT_STANDARD_LIBRARIES = YES;
				BUNDLE_LOADER = "$(TEST_HOST)";
				CODE_SIGN_STYLE = Automatic;
				INFOPLIST_FILE = HorizonXSTests/Info.plist;
				IPHONEOS_DEPLOYMENT_TARGET = 13.0;
				LD_RUNPATH_SEARCH_PATHS = (
					"$(inherited)",
					"@executable_path/Frameworks",
					"@loader_path/Frameworks",
				);
				PRODUCT_BUNDLE_IDENTIFIER = app.personal.HorizonXSTests;
				PRODUCT_NAME = "$(TARGET_NAME)";
				SWIFT_VERSION = 5.0;
				TARGETED_DEVICE_FAMILY = "1,2";
				TEST_HOST = "$(BUILT_PRODUCTS_DIR)/HorizonXS.app/HorizonXS";
			};
			name = Debug;
		};
		9624232223366A77009B6A6C /* Release */ = {
			isa = XCBuildConfiguration;
			baseConfigurationReference = 2DF521D5B8FFE5E439F177EF /* Pods-HorizonXSTests.release.xcconfig */;
			buildSettings = {
				ALWAYS_EMBED_SWIFT_STANDARD_LIBRARIES = YES;
				BUNDLE_LOADER = "$(TEST_HOST)";
				CODE_SIGN_STYLE = Automatic;
				INFOPLIST_FILE = HorizonXSTests/Info.plist;
				IPHONEOS_DEPLOYMENT_TARGET = 13.0;
				LD_RUNPATH_SEARCH_PATHS = (
					"$(inherited)",
					"@executable_path/Frameworks",
					"@loader_path/Frameworks",
				);
				PRODUCT_BUNDLE_IDENTIFIER = app.personal.HorizonXSTests;
				PRODUCT_NAME = "$(TARGET_NAME)";
				SWIFT_VERSION = 5.0;
				TARGETED_DEVICE_FAMILY = "1,2";
				TEST_HOST = "$(BUILT_PRODUCTS_DIR)/HorizonXS.app/HorizonXS";
			};
			name = Release;
		};
/* End XCBuildConfiguration section */

/* Begin XCConfigurationList section */
		962422F923366A74009B6A6C /* Build configuration list for PBXProject "HorizonXS" */ = {
			isa = XCConfigurationList;
			buildConfigurations = (
				9624231B23366A77009B6A6C /* Debug */,
				9624231C23366A77009B6A6C /* Release */,
			);
			defaultConfigurationIsVisible = 0;
			defaultConfigurationName = Release;
		};
		9624231D23366A77009B6A6C /* Build configuration list for PBXNativeTarget "HorizonXS" */ = {
			isa = XCConfigurationList;
			buildConfigurations = (
				9624231E23366A77009B6A6C /* Debug */,
				9624231F23366A77009B6A6C /* Release */,
			);
			defaultConfigurationIsVisible = 0;
			defaultConfigurationName = Release;
		};
		9624232023366A77009B6A6C /* Build configuration list for PBXNativeTarget "HorizonXSTests" */ = {
			isa = XCConfigurationList;
			buildConfigurations = (
				9624232123366A77009B6A6C /* Debug */,
				9624232223366A77009B6A6C /* Release */,
			);
			defaultConfigurationIsVisible = 0;
			defaultConfigurationName = Release;
		};
/* End XCConfigurationList section */
	};
	rootObject = 962422F623366A74009B6A6C /* Project object */;
}
